
Microsoft Visual Studio Solution File, Format Version 12.00
# Visual Studio Version 16
VisualStudioVersion = 16.0.28729.10
MinimumVisualStudioVersion = 10.0.40219.1
Project("{FAE04EC0-301F-11D3-BF4B-00C04F79EFBC}") = "XFDraw.Android", "XFDraw.Android\XFDraw.Android.csproj", "{A8CDFA67-3272-4DB3-8EF5-DAB3B38D8335}"
EndProject
Project("{FAE04EC0-301F-11D3-BF4B-00C04F79EFBC}") = "XFDraw.iOS", "XFDraw.iOS\XFDraw.iOS.csproj", "{52DFE7EB-24E7-449A-9A29-35D91760787A}"
EndProject
Project("{FAE04EC0-301F-11D3-BF4B-00C04F79EFBC}") = "XFDraw", "XFDraw\XFDraw.csproj", "{3ACCBAF1-13C7-4ADB-95A1-C114E56B6CC3}"
EndProject
Global
	GlobalSection(SolutionConfigurationPlatforms) = preSolution
		Debug|Any CPU = Debug|Any CPU
		Debug|iPhone = Debug|iPhone
		Debug|iPhoneSimulator = Debug|iPhoneSimulator
		Release|Any CPU = Release|Any CPU
		Release|iPhone = Release|iPhone
		Release|iPhoneSimulator = Release|iPhoneSimulator
	EndGlobalSection
	GlobalSection(ProjectConfigurationPlatforms) = postSolution
		{A8CDFA67-3272-4DB3-8EF5-DAB3B38D8335}.Debug|Any CPU.ActiveCfg = Debug|Any CPU
		{A8CDFA67-3272-4DB3-8EF5-DAB3B38D8335}.Debug|Any CPU.Build.0 = Debug|Any CPU
		{A8CDFA67-3272-4DB3-8EF5-DAB3B38D8335}.Debug|Any CPU.Deploy.0 = Debug|Any CPU
		{A8CDFA67-3272-4DB3-8EF5-DAB3B38D8335}.Debug|iPhone.ActiveCfg = Debug|Any CPU
		{A8CDFA67-3272-4DB3-8EF5-DAB3B38D8335}.Debug|iPhone.Build.0 = Debug|Any CPU
		{A8CDFA67-3272-4DB3-8EF5-DAB3B38D8335}.Debug|iPhone.Deploy.0 = Debug|Any CPU
		{A8CDFA67-3272-4DB3-8EF5-DAB3B38D8335}.Debug|iPhoneSimulator.ActiveCfg = Debug|Any CPU
		{A8CDFA67-3272-4DB3-8EF5-DAB3B38D8335}.Debug|iPhoneSimulator.Build.0 = Debug|Any CPU
		{A8CDFA67-3272-4DB3-8EF5-DAB3B38D8335}.Debug|iPhoneSimulator.Deploy.0 = Debug|Any CPU
		{A8CDFA67-3272-4DB3-8EF5-DAB3B38D8335}.Release|Any CPU.ActiveCfg = Release|Any CPU
		{A8CDFA67-3272-4DB3-8EF5-DAB3B38D8335}.Release|Any CPU.Build.0 = Release|Any CPU
		{A8CDFA67-3272-4DB3-8EF5-DAB3B38D8335}.Release|Any CPU.Deploy.0 = Release|Any CPU
		{A8CDFA67-3272-4DB3-8EF5-DAB3B38D8335}.Release|iPhone.ActiveCfg = Release|Any CPU
		{A8CDFA67-3272-4DB3-8EF5-DAB3B38D8335}.Release|iPhone.Build.0 = Release|Any CPU
		{A8CDFA67-3272-4DB3-8EF5-DAB3B38D8335}.Release|iPhone.Deploy.0 = Release|Any CPU
		{A8CDFA67-3272-4DB3-8EF5-DAB3B38D8335}.Release|iPhoneSimulator.ActiveCfg = Release|Any CPU
		{A8CDFA67-3272-4DB3-8EF5-DAB3B38D8335}.Release|iPhoneSimulator.Build.0 = Release|Any CPU
		{A8CDFA67-3272-4DB3-8EF5-DAB3B38D8335}.Release|iPhoneSimulator.Deploy.0 = Release|Any CPU
		{52DFE7EB-24E7-449A-9A29-35D91760787A}.Debug|Any CPU.ActiveCfg = Debug|iPhoneSimulator
		{52DFE7EB-24E7-449A-9A29-35D91760787A}.Debug|Any CPU.Build.0 = Debug|iPhoneSimulator
		{52DFE7EB-24E7-449A-9A29-35D91760787A}.Debug|Any CPU.Deploy.0 = Debug|iPhoneSimulator
		{52DFE7EB-24E7-449A-9A29-35D91760787A}.Debug|iPhone.ActiveCfg = Debug|iPhone
		{52DFE7EB-24E7-449A-9A29-35D91760787A}.Debug|iPhone.Build.0 = Debug|iPhone
		{52DFE7EB-24E7-449A-9A29-35D91760787A}.Debug|iPhone.Deploy.0 = Debug|iPhone
		{52DFE7EB-24E7-449A-9A29-35D91760787A}.Debug|iPhoneSimulator.ActiveCfg = Debug|iPhoneSimulator
		{52DFE7EB-24E7-449A-9A29-35D91760787A}.Debug|iPhoneSimulator.Build.0 = Debug|iPhoneSimulator
		{52DFE7EB-24E7-449A-9A29-35D91760787A}.Debug|iPhoneSimulator.Deploy.0 = Debug|iPhoneSimulator
		{52DFE7EB-24E7-449A-9A29-35D91760787A}.Release|Any CPU.ActiveCfg = Release|iPhone
		{52DFE7EB-24E7-449A-9A29-35D91760787A}.Release|Any CPU.Build.0 = Release|iPhone
		{52DFE7EB-24E7-449A-9A29-35D91760787A}.Release|Any CPU.Deploy.0 = Release|iPhone
		{52DFE7EB-24E7-449A-9A29-35D91760787A}.Release|iPhone.ActiveCfg = Release|iPhone
		{52DFE7EB-24E7-449A-9A29-35D91760787A}.Release|iPhone.Build.0 = Release|iPhone
		{52DFE7EB-24E7-449A-9A29-35D91760787A}.Release|iPhone.Deploy.0 = Release|iPhone
		{52DFE7EB-24E7-449A-9A29-35D91760787A}.Release|iPhoneSimulator.ActiveCfg = Release|iPhoneSimulator
		{52DFE7EB-24E7-449A-9A29-35D91760787A}.Release|iPhoneSimulator.Build.0 = Release|iPhoneSimulator
		{52DFE7EB-24E7-449A-9A29-35D91760787A}.Release|iPhoneSimulator.Deploy.0 = Release|iPhoneSimulator
		{3ACCBAF1-13C7-4ADB-95A1-C114E56B6CC3}.Debug|Any CPU.ActiveCfg = Debug|Any CPU
		{3ACCBAF1-13C7-4ADB-95A1-C114E56B6CC3}.Debug|Any CPU.Build.0 = Debug|Any CPU
		{3ACCBAF1-13C7-4ADB-95A1-C114E56B6CC3}.Debug|Any CPU.Deploy.0 = Debug|Any CPU
		{3ACCBAF1-13C7-4ADB-95A1-C114E56B6CC3}.Debug|iPhone.ActiveCfg = Debug|Any CPU
		{3ACCBAF1-13C7-4ADB-95A1-C114E56B6CC3}.Debug|iPhone.Build.0 = Debug|Any CPU
		{3ACCBAF1-13C7-4ADB-95A1-C114E56B6CC3}.Debug|iPhone.Deploy.0 = Debug|Any CPU
		{3ACCBAF1-13C7-4ADB-95A1-C114E56B6CC3}.Debug|iPhoneSimulator.ActiveCfg = Debug|Any CPU
		{3ACCBAF1-13C7-4ADB-95A1-C114E56B6CC3}.Debug|iPhoneSimulator.Build.0 = Debug|Any CPU
		{3ACCBAF1-13C7-4ADB-95A1-C114E56B6CC3}.Debug|iPhoneSimulator.Deploy.0 = Debug|Any CPU
		{3ACCBAF1-13C7-4ADB-95A1-C114E56B6CC3}.Release|Any CPU.ActiveCfg = Release|Any CPU
		{3ACCBAF1-13C7-4ADB-95A1-C114E56B6CC3}.Release|Any CPU.Build.0 = Release|Any CPU
		{3ACCBAF1-13C7-4ADB-95A1-C114E56B6CC3}.Release|Any CPU.Deploy.0 = Release|Any CPU
		{3ACCBAF1-13C7-4ADB-95A1-C114E56B6CC3}.Release|iPhone.ActiveCfg = Release|Any CPU
		{3ACCBAF1-13C7-4ADB-95A1-C114E56B6CC3}.Release|iPhone.Build.0 = Release|Any CPU
		{3ACCBAF1-13C7-4ADB-95A1-C114E56B6CC3}.Release|iPhone.Deploy.0 = Release|Any CPU
		{3ACCBAF1-13C7-4ADB-95A1-C114E56B6CC3}.Release|iPhoneSimulator.ActiveCfg = Release|Any CPU
		{3ACCBAF1-13C7-4ADB-95A1-C114E56B6CC3}.Release|iPhoneSimulator.Build.0 = Release|Any CPU
		{3ACCBAF1-13C7-4ADB-95A1-C114E56B6CC3}.Release|iPhoneSimulator.Deploy.0 = Release|Any CPU
	EndGlobalSection
	GlobalSection(SolutionProperties) = preSolution
		HideSolutionNode = FALSE
	EndGlobalSection
	GlobalSection(ExtensibilityGlobals) = postSolution
		SolutionGuid = {8DF0455E-0C1A-496B-844C-27BE38A8BC76}
	EndGlobalSection
EndGlobal
